
Microsoft Visual Studio Solution File, Format Version 12.00
# Visual Studio Version 17
VisualStudioVersion = 17.4.33213.308
MinimumVisualStudioVersion = 10.0.40219.1
Project("{FAE04EC0-301F-11D3-BF4B-00C04F79EFBC}") = "Ejercicio5", "Ejercicio5\Ejercicio5.csproj", "{4007B40E-D19D-424A-AEDF-8744939B2E48}"
EndProject
Global
	GlobalSection(SolutionConfigurationPlatforms) = preSolution
		Debug|Any CPU = Debug|Any CPU
		Release|Any CPU = Release|Any CPU
	EndGlobalSection
	GlobalSection(ProjectConfigurationPlatforms) = postSolution
		{4007B40E-D19D-424A-AEDF-8744939B2E48}.Debug|Any CPU.ActiveCfg = Debug|Any CPU
		{4007B40E-D19D-424A-AEDF-8744939B2E48}.Debug|Any CPU.Build.0 = Debug|Any CPU
		{4007B40E-D19D-424A-AEDF-8744939B2E48}.Release|Any CPU.ActiveCfg = Release|Any CPU
		{4007B40E-D19D-424A-AEDF-8744939B2E48}.Release|Any CPU.Build.0 = Release|Any CPU
	EndGlobalSection
	GlobalSection(SolutionProperties) = preSolution
		HideSolutionNode = FALSE
	EndGlobalSection
	GlobalSection(ExtensibilityGlobals) = postSolution
		SolutionGuid = {851427D9-AAD2-45DB-8833-12F06D983EBD}
	EndGlobalSection
EndGlobal
