
Microsoft Visual Studio Solution File, Format Version 12.00
# Visual Studio Version 17
VisualStudioVersion = 17.4.33213.308
MinimumVisualStudioVersion = 10.0.40219.1
Project("{FAE04EC0-301F-11D3-BF4B-00C04F79EFBC}") = "Ejercicio1", "Ejercicio1\Ejercicio1.csproj", "{D8845C2F-E60F-4D1E-9411-15DD001EEAB2}"
EndProject
Global
	GlobalSection(SolutionConfigurationPlatforms) = preSolution
		Debug|Any CPU = Debug|Any CPU
		Release|Any CPU = Release|Any CPU
	EndGlobalSection
	GlobalSection(ProjectConfigurationPlatforms) = postSolution
		{D8845C2F-E60F-4D1E-9411-15DD001EEAB2}.Debug|Any CPU.ActiveCfg = Debug|Any CPU
		{D8845C2F-E60F-4D1E-9411-15DD001EEAB2}.Debug|Any CPU.Build.0 = Debug|Any CPU
		{D8845C2F-E60F-4D1E-9411-15DD001EEAB2}.Release|Any CPU.ActiveCfg = Release|Any CPU
		{D8845C2F-E60F-4D1E-9411-15DD001EEAB2}.Release|Any CPU.Build.0 = Release|Any CPU
	EndGlobalSection
	GlobalSection(SolutionProperties) = preSolution
		HideSolutionNode = FALSE
	EndGlobalSection
	GlobalSection(ExtensibilityGlobals) = postSolution
		SolutionGuid = {48C9793C-0508-4692-BF8F-A59A0FF2708D}
	EndGlobalSection
EndGlobal
